PODS:
  - iosMath (0.9.4)
  - SnapKit (5.0.1)
  - YYText (1.0.7)

DEPENDENCIES:
  - iosMath
  - SnapKit
  - YYText

SPEC REPOS:
  https://github.com/CocoaPods/Specs.git:
    - iosMath
    - SnapKit
    - YYText

SPEC CHECKSUMS:
  iosMath: f7a6cbadf9d836d2149c2a84c435b1effc244cba
  SnapKit: 97b92857e3df3a0c71833cce143274bf6ef8e5eb
  YYText: 5c461d709e24d55a182d1441c41dc639a18a4849

PODFILE CHECKSUM: 47295547341588eb50c223ea90c7fcb4b922dafe

COCOAPODS: 1.8.4
